# This file is autogenerated, do not edit; changes may be undone by the next 'dep ensure'.


[[projects]]
  name = "github.com/arschles/assert"
  packages = ["."]
  revision = "6882f85ccdc7c1822b146d1a6b0c2c48f91b5140"

[[projects]]
  name = "github.com/pborman/uuid"
  packages = ["."]
  revision = "dee7705ef7b324f27ceb85a121c61f2c2e8ce988"

[solve-meta]
  analyzer-name = "dep"
  analyzer-version = 1
  inputs-digest = "861ef87ae88f4c795c36b6d00f9d73025129e4f28b6d9f6b68b44a1bd33a846b"
  solver-name = "gps-cdcl"
  solver-version = 1
